
Microsoft Visual Studio Solution File, Format Version 12.00
# Visual Studio Version 17
VisualStudioVersion = 17.4.33403.182
MinimumVisualStudioVersion = 10.0.40219.1
Project("{9A19103F-16F7-4668-BE54-9A1E7A4F7556}") = "Forum.API", "Forum.API\Forum.API.csproj", "{CAE9CF1E-E1F9-4E7A-BEB5-CF102CE61331}"
EndProject
Project("{9A19103F-16F7-4668-BE54-9A1E7A4F7556}") = "ForumDAL", "ForumDAL\ForumDAL.csproj", "{242129BA-AA98-401E-968F-9A8DA0381AF3}"
EndProject
Project("{9A19103F-16F7-4668-BE54-9A1E7A4F7556}") = "EFCollections.DAL", "EF.Collection.DAL\EFCollections.DAL.csproj", "{D496D8A5-EA22-4A17-A82A-5F318804A99E}"
EndProject
Project("{9A19103F-16F7-4668-BE54-9A1E7A4F7556}") = "EFCollections.API", "EFCollections.API\EFCollections.API.csproj", "{A46938BC-C1CE-4EA4-ADB2-55B0CD0BAD43}"
EndProject
Project("{9A19103F-16F7-4668-BE54-9A1E7A4F7556}") = "Forum.BLL", "Forum.BLL\Forum.BLL.csproj", "{C91AB74E-1CF8-44DB-9245-A3918D03C368}"
EndProject
Project("{9A19103F-16F7-4668-BE54-9A1E7A4F7556}") = "EFCollections.BLL", "EFCollections.BLL\EFCollections.BLL.csproj", "{4968F15C-5C23-4FCE-B46B-937530DCD3C8}"
EndProject
Project("{9A19103F-16F7-4668-BE54-9A1E7A4F7556}") = "FaxGuildBlazor", "FaxGuildBlazor\FaxGuildBlazor.csproj", "{0E3218ED-469D-4B8F-97F5-7B11150CFBD8}"
EndProject
Project("{2150E333-8FDC-42A3-9474-1A3956D46DE8}") = "CleanArchitecture", "CleanArchitecture", "{8F70AA60-43BA-45ED-9C98-52468C5FF9A6}"
EndProject
Project("{2150E333-8FDC-42A3-9474-1A3956D46DE8}") = "Shared", "Shared", "{C515F2D0-B77B-4564-BA52-58046B070607}"
EndProject
Project("{2150E333-8FDC-42A3-9474-1A3956D46DE8}") = "Presentation", "Presentation", "{FA0CE71B-23B1-4CE5-B07B-98EC462683FB}"
EndProject
Project("{2150E333-8FDC-42A3-9474-1A3956D46DE8}") = "Core", "Core", "{3469D00C-B533-4873-A870-3815677B1B16}"
EndProject
Project("{2150E333-8FDC-42A3-9474-1A3956D46DE8}") = "Infrastructure", "Infrastructure", "{BB19C43F-D98F-49E6-A254-048FBE260267}"
EndProject
Project("{9A19103F-16F7-4668-BE54-9A1E7A4F7556}") = "CleanArchitecture.WebAPI", "CleanArchitectureSolution.WebAPI\CleanArchitecture.WebAPI.csproj", "{1202AE08-0B64-419C-846A-67AF737F6F14}"
EndProject
Project("{9A19103F-16F7-4668-BE54-9A1E7A4F7556}") = "CleanArchitecture.Domain", "CleanArchitecture.Domain\CleanArchitecture.Domain.csproj", "{EAD9264A-031C-4489-938D-77FA7ECC32D4}"
EndProject
Project("{9A19103F-16F7-4668-BE54-9A1E7A4F7556}") = "CleanArchitecture.Application", "CleanArchitecture.Application\CleanArchitecture.Application.csproj", "{249B45CA-04EF-45E1-A3E2-3D809C9555FF}"
EndProject
Project("{9A19103F-16F7-4668-BE54-9A1E7A4F7556}") = "CleanArchitecture.Infrastructure", "CleanArchitecture.Infrastructure\CleanArchitecture.Infrastructure.csproj", "{E33FFBCA-CD84-4405-8B67-F25ACDDD9D0B}"
EndProject
Project("{9A19103F-16F7-4668-BE54-9A1E7A4F7556}") = "CleanArchitecture.Persistence", "CleanArchitecture.Persistence\CleanArchitecture.Persistence.csproj", "{7E027595-1AA1-4A13-A687-4F44082B7F32}"
EndProject
Project("{9A19103F-16F7-4668-BE54-9A1E7A4F7556}") = "CleanArchitecture.Shared", "CleanArchitecture.Shared\CleanArchitecture.Shared.csproj", "{D9AAF2BA-A4A3-45DC-9590-9887790BEDC0}"
EndProject
Project("{FAE04EC0-301F-11D3-BF4B-00C04F79EFBC}") = "WPF FaxGuild", "WPF FaxGuild\WPF FaxGuild.csproj", "{722D8B98-56C2-45F5-801F-CBE614106841}"
EndProject
Global
	GlobalSection(SolutionConfigurationPlatforms) = preSolution
		Debug|Any CPU = Debug|Any CPU
		Release|Any CPU = Release|Any CPU
	EndGlobalSection
	GlobalSection(ProjectConfigurationPlatforms) = postSolution
		{CAE9CF1E-E1F9-4E7A-BEB5-CF102CE61331}.Debug|Any CPU.ActiveCfg = Debug|Any CPU
		{CAE9CF1E-E1F9-4E7A-BEB5-CF102CE61331}.Debug|Any CPU.Build.0 = Debug|Any CPU
		{CAE9CF1E-E1F9-4E7A-BEB5-CF102CE61331}.Release|Any CPU.ActiveCfg = Release|Any CPU
		{CAE9CF1E-E1F9-4E7A-BEB5-CF102CE61331}.Release|Any CPU.Build.0 = Release|Any CPU
		{242129BA-AA98-401E-968F-9A8DA0381AF3}.Debug|Any CPU.ActiveCfg = Debug|Any CPU
		{242129BA-AA98-401E-968F-9A8DA0381AF3}.Debug|Any CPU.Build.0 = Debug|Any CPU
		{242129BA-AA98-401E-968F-9A8DA0381AF3}.Release|Any CPU.ActiveCfg = Release|Any CPU
		{242129BA-AA98-401E-968F-9A8DA0381AF3}.Release|Any CPU.Build.0 = Release|Any CPU
		{D496D8A5-EA22-4A17-A82A-5F318804A99E}.Debug|Any CPU.ActiveCfg = Debug|Any CPU
		{D496D8A5-EA22-4A17-A82A-5F318804A99E}.Debug|Any CPU.Build.0 = Debug|Any CPU
		{D496D8A5-EA22-4A17-A82A-5F318804A99E}.Release|Any CPU.ActiveCfg = Release|Any CPU
		{D496D8A5-EA22-4A17-A82A-5F318804A99E}.Release|Any CPU.Build.0 = Release|Any CPU
		{A46938BC-C1CE-4EA4-ADB2-55B0CD0BAD43}.Debug|Any CPU.ActiveCfg = Debug|Any CPU
		{A46938BC-C1CE-4EA4-ADB2-55B0CD0BAD43}.Debug|Any CPU.Build.0 = Debug|Any CPU
		{A46938BC-C1CE-4EA4-ADB2-55B0CD0BAD43}.Release|Any CPU.ActiveCfg = Release|Any CPU
		{A46938BC-C1CE-4EA4-ADB2-55B0CD0BAD43}.Release|Any CPU.Build.0 = Release|Any CPU
		{C91AB74E-1CF8-44DB-9245-A3918D03C368}.Debug|Any CPU.ActiveCfg = Debug|Any CPU
		{C91AB74E-1CF8-44DB-9245-A3918D03C368}.Debug|Any CPU.Build.0 = Debug|Any CPU
		{C91AB74E-1CF8-44DB-9245-A3918D03C368}.Release|Any CPU.ActiveCfg = Release|Any CPU
		{C91AB74E-1CF8-44DB-9245-A3918D03C368}.Release|Any CPU.Build.0 = Release|Any CPU
		{4968F15C-5C23-4FCE-B46B-937530DCD3C8}.Debug|Any CPU.ActiveCfg = Debug|Any CPU
		{4968F15C-5C23-4FCE-B46B-937530DCD3C8}.Debug|Any CPU.Build.0 = Debug|Any CPU
		{4968F15C-5C23-4FCE-B46B-937530DCD3C8}.Release|Any CPU.ActiveCfg = Release|Any CPU
		{4968F15C-5C23-4FCE-B46B-937530DCD3C8}.Release|Any CPU.Build.0 = Release|Any CPU
		{0E3218ED-469D-4B8F-97F5-7B11150CFBD8}.Debug|Any CPU.ActiveCfg = Debug|Any CPU
		{0E3218ED-469D-4B8F-97F5-7B11150CFBD8}.Debug|Any CPU.Build.0 = Debug|Any CPU
		{0E3218ED-469D-4B8F-97F5-7B11150CFBD8}.Release|Any CPU.ActiveCfg = Release|Any CPU
		{0E3218ED-469D-4B8F-97F5-7B11150CFBD8}.Release|Any CPU.Build.0 = Release|Any CPU
		{1202AE08-0B64-419C-846A-67AF737F6F14}.Debug|Any CPU.ActiveCfg = Debug|Any CPU
		{1202AE08-0B64-419C-846A-67AF737F6F14}.Debug|Any CPU.Build.0 = Debug|Any CPU
		{1202AE08-0B64-419C-846A-67AF737F6F14}.Release|Any CPU.ActiveCfg = Release|Any CPU
		{1202AE08-0B64-419C-846A-67AF737F6F14}.Release|Any CPU.Build.0 = Release|Any CPU
		{EAD9264A-031C-4489-938D-77FA7ECC32D4}.Debug|Any CPU.ActiveCfg = Debug|Any CPU
		{EAD9264A-031C-4489-938D-77FA7ECC32D4}.Debug|Any CPU.Build.0 = Debug|Any CPU
		{EAD9264A-031C-4489-938D-77FA7ECC32D4}.Release|Any CPU.ActiveCfg = Release|Any CPU
		{EAD9264A-031C-4489-938D-77FA7ECC32D4}.Release|Any CPU.Build.0 = Release|Any CPU
		{249B45CA-04EF-45E1-A3E2-3D809C9555FF}.Debug|Any CPU.ActiveCfg = Debug|Any CPU
		{249B45CA-04EF-45E1-A3E2-3D809C9555FF}.Debug|Any CPU.Build.0 = Debug|Any CPU
		{249B45CA-04EF-45E1-A3E2-3D809C9555FF}.Release|Any CPU.ActiveCfg = Release|Any CPU
		{249B45CA-04EF-45E1-A3E2-3D809C9555FF}.Release|Any CPU.Build.0 = Release|Any CPU
		{E33FFBCA-CD84-4405-8B67-F25ACDDD9D0B}.Debug|Any CPU.ActiveCfg = Debug|Any CPU
		{E33FFBCA-CD84-4405-8B67-F25ACDDD9D0B}.Debug|Any CPU.Build.0 = Debug|Any CPU
		{E33FFBCA-CD84-4405-8B67-F25ACDDD9D0B}.Release|Any CPU.ActiveCfg = Release|Any CPU
		{E33FFBCA-CD84-4405-8B67-F25ACDDD9D0B}.Release|Any CPU.Build.0 = Release|Any CPU
		{7E027595-1AA1-4A13-A687-4F44082B7F32}.Debug|Any CPU.ActiveCfg = Debug|Any CPU
		{7E027595-1AA1-4A13-A687-4F44082B7F32}.Debug|Any CPU.Build.0 = Debug|Any CPU
		{7E027595-1AA1-4A13-A687-4F44082B7F32}.Release|Any CPU.ActiveCfg = Release|Any CPU
		{7E027595-1AA1-4A13-A687-4F44082B7F32}.Release|Any CPU.Build.0 = Release|Any CPU
		{D9AAF2BA-A4A3-45DC-9590-9887790BEDC0}.Debug|Any CPU.ActiveCfg = Debug|Any CPU
		{D9AAF2BA-A4A3-45DC-9590-9887790BEDC0}.Debug|Any CPU.Build.0 = Debug|Any CPU
		{D9AAF2BA-A4A3-45DC-9590-9887790BEDC0}.Release|Any CPU.ActiveCfg = Release|Any CPU
		{D9AAF2BA-A4A3-45DC-9590-9887790BEDC0}.Release|Any CPU.Build.0 = Release|Any CPU
		{722D8B98-56C2-45F5-801F-CBE614106841}.Debug|Any CPU.ActiveCfg = Debug|Any CPU
		{722D8B98-56C2-45F5-801F-CBE614106841}.Debug|Any CPU.Build.0 = Debug|Any CPU
		{722D8B98-56C2-45F5-801F-CBE614106841}.Release|Any CPU.ActiveCfg = Release|Any CPU
		{722D8B98-56C2-45F5-801F-CBE614106841}.Release|Any CPU.Build.0 = Release|Any CPU
	EndGlobalSection
	GlobalSection(SolutionProperties) = preSolution
		HideSolutionNode = FALSE
	EndGlobalSection
	GlobalSection(NestedProjects) = preSolution
		{C515F2D0-B77B-4564-BA52-58046B070607} = {8F70AA60-43BA-45ED-9C98-52468C5FF9A6}
		{FA0CE71B-23B1-4CE5-B07B-98EC462683FB} = {8F70AA60-43BA-45ED-9C98-52468C5FF9A6}
		{3469D00C-B533-4873-A870-3815677B1B16} = {8F70AA60-43BA-45ED-9C98-52468C5FF9A6}
		{BB19C43F-D98F-49E6-A254-048FBE260267} = {8F70AA60-43BA-45ED-9C98-52468C5FF9A6}
		{1202AE08-0B64-419C-846A-67AF737F6F14} = {FA0CE71B-23B1-4CE5-B07B-98EC462683FB}
		{EAD9264A-031C-4489-938D-77FA7ECC32D4} = {3469D00C-B533-4873-A870-3815677B1B16}
		{249B45CA-04EF-45E1-A3E2-3D809C9555FF} = {3469D00C-B533-4873-A870-3815677B1B16}
		{E33FFBCA-CD84-4405-8B67-F25ACDDD9D0B} = {BB19C43F-D98F-49E6-A254-048FBE260267}
		{7E027595-1AA1-4A13-A687-4F44082B7F32} = {BB19C43F-D98F-49E6-A254-048FBE260267}
		{D9AAF2BA-A4A3-45DC-9590-9887790BEDC0} = {C515F2D0-B77B-4564-BA52-58046B070607}
	EndGlobalSection
	GlobalSection(ExtensibilityGlobals) = postSolution
		SolutionGuid = {9965E4F3-96D8-4A35-90A0-CF4404118801}
	EndGlobalSection
EndGlobal
